// !$*UTF8*$!
{
	archiveVersion = 1;
	classes = {
	};
	objectVersion = 46;
	objects = {

/* Begin PBXBuildFile section */
		94855A081810D92500220186 /* SDExpectation.m in Sources */ = {isa = PBXBuildFile; fileRef = 94855A071810D92500220186 /* SDExpectation.m */; };
		94855A0B1810DAE100220186 /* LVParserError.m in Sources */ = {isa = PBXBuildFile; fileRef = 94855A0A1810DAE100220186 /* LVParserError.m */; };
		94855A0D1811048E00220186 /* default_leviathan_theme.clj in Resources */ = {isa = PBXBuildFile; fileRef = 94855A0C1811048E00220186 /* default_leviathan_theme.clj */; };
		94855A0E1811049B00220186 /* default_leviathan_theme.clj in Resources */ = {isa = PBXBuildFile; fileRef = 94855A0C1811048E00220186 /* default_leviathan_theme.clj */; };
		94855A12181109A700220186 /* LVPreferencesWindowController.m in Sources */ = {isa = PBXBuildFile; fileRef = 94855A10181109A700220186 /* LVPreferencesWindowController.m */; };
		94855A13181109A700220186 /* PreferencesWindow.xib in Resources */ = {isa = PBXBuildFile; fileRef = 94855A11181109A700220186 /* PreferencesWindow.xib */; };
		94855A1718110E2200220186 /* LVPreferences.m in Sources */ = {isa = PBXBuildFile; fileRef = 94855A1618110E2200220186 /* LVPreferences.m */; };
		9490D7D318104D58006ECA5E /* Cocoa.framework in Frameworks */ = {isa = PBXBuildFile; fileRef = 9490D7D218104D58006ECA5E /* Cocoa.framework */; };
		9490D7DD18104D58006ECA5E /* InfoPlist.strings in Resources */ = {isa = PBXBuildFile; fileRef = 9490D7DB18104D58006ECA5E /* InfoPlist.strings */; };
		9490D7DF18104D58006ECA5E /* main.m in Sources */ = {isa = PBXBuildFile; fileRef = 9490D7DE18104D58006ECA5E /* main.m */; };
		9490D7E318104D58006ECA5E /* Credits.rtf in Resources */ = {isa = PBXBuildFile; fileRef = 9490D7E118104D58006ECA5E /* Credits.rtf */; };
		9490D7E618104D58006ECA5E /* LVAppDelegate.m in Sources */ = {isa = PBXBuildFile; fileRef = 9490D7E518104D58006ECA5E /* LVAppDelegate.m */; };
		9490D7E918104D58006ECA5E /* MainMenu.xib in Resources */ = {isa = PBXBuildFile; fileRef = 9490D7E718104D58006ECA5E /* MainMenu.xib */; };
		9490D7EB18104D58006ECA5E /* Images.xcassets in Resources */ = {isa = PBXBuildFile; fileRef = 9490D7EA18104D58006ECA5E /* Images.xcassets */; };
		9490D7F218104D59006ECA5E /* XCTest.framework in Frameworks */ = {isa = PBXBuildFile; fileRef = 9490D7F118104D59006ECA5E /* XCTest.framework */; };
		9490D7F318104D59006ECA5E /* Cocoa.framework in Frameworks */ = {isa = PBXBuildFile; fileRef = 9490D7D218104D58006ECA5E /* Cocoa.framework */; };
		9490D7FB18104D59006ECA5E /* InfoPlist.strings in Resources */ = {isa = PBXBuildFile; fileRef = 9490D7F918104D59006ECA5E /* InfoPlist.strings */; };
		9490D7FD18104D59006ECA5E /* LeviathanTests.m in Sources */ = {isa = PBXBuildFile; fileRef = 9490D7FC18104D59006ECA5E /* LeviathanTests.m */; };
		9490D80918104DE1006ECA5E /* LVProjectWindowController.m in Sources */ = {isa = PBXBuildFile; fileRef = 9490D80718104DE1006ECA5E /* LVProjectWindowController.m */; };
		9490D80A18104DE1006ECA5E /* ProjectWindow.xib in Resources */ = {isa = PBXBuildFile; fileRef = 9490D80818104DE1006ECA5E /* ProjectWindow.xib */; };
		9490D80D18104E81006ECA5E /* LVProject.m in Sources */ = {isa = PBXBuildFile; fileRef = 9490D80C18104E81006ECA5E /* LVProject.m */; };
		9490D81018105023006ECA5E /* LVTabView.m in Sources */ = {isa = PBXBuildFile; fileRef = 9490D80F18105023006ECA5E /* LVTabView.m */; };
		9490D813181050AA006ECA5E /* LVTabBar.m in Sources */ = {isa = PBXBuildFile; fileRef = 9490D812181050AA006ECA5E /* LVTabBar.m */; };
		9490D819181053F2006ECA5E /* LVFile.m in Sources */ = {isa = PBXBuildFile; fileRef = 9490D818181053F2006ECA5E /* LVFile.m */; };
		9490D81D181054EE006ECA5E /* LVTab.m in Sources */ = {isa = PBXBuildFile; fileRef = 9490D81B181054EE006ECA5E /* LVTab.m */; };
		9490D81E181054EE006ECA5E /* Tab.xib in Resources */ = {isa = PBXBuildFile; fileRef = 9490D81C181054EE006ECA5E /* Tab.xib */; };
		9490D82218105B2D006ECA5E /* LVEditor.m in Sources */ = {isa = PBXBuildFile; fileRef = 9490D82018105B2D006ECA5E /* LVEditor.m */; };
		9490D82318105B2D006ECA5E /* Editor.xib in Resources */ = {isa = PBXBuildFile; fileRef = 9490D82118105B2D006ECA5E /* Editor.xib */; };
		9490D82518105EBB006ECA5E /* QuartzCore.framework in Frameworks */ = {isa = PBXBuildFile; fileRef = 9490D82418105EBB006ECA5E /* QuartzCore.framework */; };
		9490D82D1810781D006ECA5E /* LVTextView.m in Sources */ = {isa = PBXBuildFile; fileRef = 9490D82C1810781D006ECA5E /* LVTextView.m */; };
		9490D83E18107FD6006ECA5E /* SDFuzzyMatcher.m in Sources */ = {isa = PBXBuildFile; fileRef = 9490D83418107FD6006ECA5E /* SDFuzzyMatcher.m */; };
		9490D83F18107FD6006ECA5E /* SDFuzzyMatcherWindow.xib in Resources */ = {isa = PBXBuildFile; fileRef = 9490D83518107FD6006ECA5E /* SDFuzzyMatcherWindow.xib */; };
		9490D84018107FD6006ECA5E /* SDFuzzyMatcherWindowController.m in Sources */ = {isa = PBXBuildFile; fileRef = 9490D83718107FD6006ECA5E /* SDFuzzyMatcherWindowController.m */; };
		9490D84118107FD6006ECA5E /* SDChoiceTableView.m in Sources */ = {isa = PBXBuildFile; fileRef = 9490D83918107FD6006ECA5E /* SDChoiceTableView.m */; };
		9490D84218107FD6006ECA5E /* SDChoice.m in Sources */ = {isa = PBXBuildFile; fileRef = 9490D83B18107FD6006ECA5E /* SDChoice.m */; };
		9490D84318107FD6006ECA5E /* NSString+Score.m in Sources */ = {isa = PBXBuildFile; fileRef = 9490D83D18107FD6006ECA5E /* NSString+Score.m */; };
		9493D96F18108BC80080E3C0 /* LVParser.m in Sources */ = {isa = PBXBuildFile; fileRef = 9493D96718108BC80080E3C0 /* LVParser.m */; };
		9493D97018108BC80080E3C0 /* LVToken.m in Sources */ = {isa = PBXBuildFile; fileRef = 9493D96918108BC80080E3C0 /* LVToken.m */; };
		9493D97118108BC80080E3C0 /* LVColl.m in Sources */ = {isa = PBXBuildFile; fileRef = 9493D96C18108BC80080E3C0 /* LVColl.m */; };
		9493D97218108BC80080E3C0 /* LVAtom.m in Sources */ = {isa = PBXBuildFile; fileRef = 9493D96E18108BC80080E3C0 /* LVAtom.m */; };
		949EC52218138102001C9CAB /* parser.mm in Sources */ = {isa = PBXBuildFile; fileRef = 949EC52018138102001C9CAB /* parser.mm */; };
		949EC5251813811E001C9CAB /* lexer.mm in Sources */ = {isa = PBXBuildFile; fileRef = 949EC5231813811E001C9CAB /* lexer.mm */; };
		949EC52818139226001C9CAB /* LVTestBed.mm in Sources */ = {isa = PBXBuildFile; fileRef = 949EC52718139226001C9CAB /* LVTestBed.mm */; };
		94ABB12F181463B6003415B5 /* atom.mm in Sources */ = {isa = PBXBuildFile; fileRef = 94ABB12D181463B5003415B5 /* atom.mm */; };
		94ABB132181463C4003415B5 /* coll.mm in Sources */ = {isa = PBXBuildFile; fileRef = 94ABB130181463C4003415B5 /* coll.mm */; };
		94D794341811226D003307F4 /* LVThemeManager.m in Sources */ = {isa = PBXBuildFile; fileRef = 94D794331811226D003307F4 /* LVThemeManager.m */; };
		94D79463181125F1003307F4 /* BMOEDNCharacter.m in Sources */ = {isa = PBXBuildFile; fileRef = 94D79437181125F1003307F4 /* BMOEDNCharacter.m */; };
		94D79464181125F1003307F4 /* BMOEDNCoder.m in Sources */ = {isa = PBXBuildFile; fileRef = 94D79439181125F1003307F4 /* BMOEDNCoder.m */; };
		94D79465181125F1003307F4 /* BMOEDNError.m in Sources */ = {isa = PBXBuildFile; fileRef = 94D7943B181125F1003307F4 /* BMOEDNError.m */; };
		94D79466181125F1003307F4 /* BMOEDNKeyword.m in Sources */ = {isa = PBXBuildFile; fileRef = 94D7943D181125F1003307F4 /* BMOEDNKeyword.m */; };
		94D79467181125F1003307F4 /* BMOEDNList.m in Sources */ = {isa = PBXBuildFile; fileRef = 94D7943F181125F1003307F4 /* BMOEDNList.m */; };
		94D79468181125F1003307F4 /* BMOEDNReader.m in Sources */ = {isa = PBXBuildFile; fileRef = 94D79441181125F1003307F4 /* BMOEDNReader.m */; };
		94D79469181125F1003307F4 /* BMOEDNReaderState.m in Sources */ = {isa = PBXBuildFile; fileRef = 94D79443181125F1003307F4 /* BMOEDNReaderState.m */; };
		94D7946A181125F1003307F4 /* BMOEDNRegistry.m in Sources */ = {isa = PBXBuildFile; fileRef = 94D79445181125F1003307F4 /* BMOEDNRegistry.m */; };
		94D7946B181125F1003307F4 /* BMOEDNRoot.m in Sources */ = {isa = PBXBuildFile; fileRef = 94D79448181125F1003307F4 /* BMOEDNRoot.m */; };
		94D7946C181125F1003307F4 /* BMOEDNSerialization.m in Sources */ = {isa = PBXBuildFile; fileRef = 94D7944A181125F1003307F4 /* BMOEDNSerialization.m */; };
		94D7946D181125F1003307F4 /* BMOEDNSymbol.m in Sources */ = {isa = PBXBuildFile; fileRef = 94D7944C181125F1003307F4 /* BMOEDNSymbol.m */; };
		94D7946E181125F1003307F4 /* BMOEDNTaggedElement.m in Sources */ = {isa = PBXBuildFile; fileRef = 94D7944E181125F1003307F4 /* BMOEDNTaggedElement.m */; };
		94D7946F181125F1003307F4 /* BMOEDNWriter.m in Sources */ = {isa = PBXBuildFile; fileRef = 94D79450181125F1003307F4 /* BMOEDNWriter.m */; };
		94D79470181125F1003307F4 /* BMOEDNWriterState.m in Sources */ = {isa = PBXBuildFile; fileRef = 94D79452181125F1003307F4 /* BMOEDNWriterState.m */; };
		94D79471181125F1003307F4 /* BMOLazyEnumerator.m in Sources */ = {isa = PBXBuildFile; fileRef = 94D79454181125F1003307F4 /* BMOLazyEnumerator.m */; };
		94D79472181125F1003307F4 /* NSData+BMOEDN.m in Sources */ = {isa = PBXBuildFile; fileRef = 94D79458181125F1003307F4 /* NSData+BMOEDN.m */; };
		94D79473181125F1003307F4 /* NSDate+BMOEDN.m in Sources */ = {isa = PBXBuildFile; fileRef = 94D7945A181125F1003307F4 /* NSDate+BMOEDN.m */; };
		94D79474181125F1003307F4 /* NSInputStream+BMOEDN.m in Sources */ = {isa = PBXBuildFile; fileRef = 94D7945C181125F1003307F4 /* NSInputStream+BMOEDN.m */; };
		94D79475181125F1003307F4 /* NSObject+BMOEDN.m in Sources */ = {isa = PBXBuildFile; fileRef = 94D7945E181125F1003307F4 /* NSObject+BMOEDN.m */; };
		94D79476181125F1003307F4 /* NSString+BMOEDN.m in Sources */ = {isa = PBXBuildFile; fileRef = 94D79460181125F1003307F4 /* NSString+BMOEDN.m */; };
		94D79477181125F1003307F4 /* NSUUID+BMOEDN.m in Sources */ = {isa = PBXBuildFile; fileRef = 94D79462181125F1003307F4 /* NSUUID+BMOEDN.m */; };
		94D7947A18112CC0003307F4 /* LVHighlighter.m in Sources */ = {isa = PBXBuildFile; fileRef = 94D7947918112CC0003307F4 /* LVHighlighter.m */; };
		94EB3DCA18161106002E639F /* token.mm in Sources */ = {isa = PBXBuildFile; fileRef = 94EB3DC818161106002E639F /* token.mm */; };
		94EF5CF81811E744004836A0 /* LVTheme.m in Sources */ = {isa = PBXBuildFile; fileRef = 94EF5CF71811E744004836A0 /* LVTheme.m */; };
/* End PBXBuildFile section */

/* Begin PBXContainerItemProxy section */
		9490D7F418104D59006ECA5E /* PBXContainerItemProxy */ = {
			isa = PBXContainerItemProxy;
			containerPortal = 9490D7C718104D58006ECA5E /* Project object */;
			proxyType = 1;
			remoteGlobalIDString = 9490D7CE18104D58006ECA5E;
			remoteInfo = Leviathan;
		};
/* End PBXContainerItemProxy section */

/* Begin PBXFileReference section */
		94855A061810D92500220186 /* SDExpectation.h */ = {isa = PBXFileReference; fileEncoding = 4; lastKnownFileType = sourcecode.c.h; path = SDExpectation.h; sourceTree = "<group>"; };
		94855A071810D92500220186 /* SDExpectation.m */ = {isa = PBXFileReference; fileEncoding = 4; lastKnownFileType = sourcecode.c.objc; path = SDExpectation.m; sourceTree = "<group>"; };
		94855A091810DAE100220186 /* LVParserError.h */ = {isa = PBXFileReference; fileEncoding = 4; lastKnownFileType = sourcecode.c.h; path = LVParserError.h; sourceTree = "<group>"; };
		94855A0A1810DAE100220186 /* LVParserError.m */ = {isa = PBXFileReference; fileEncoding = 4; lastKnownFileType = sourcecode.c.objc; path = LVParserError.m; sourceTree = "<group>"; };
		94855A0C1811048E00220186 /* default_leviathan_theme.clj */ = {isa = PBXFileReference; fileEncoding = 4; lastKnownFileType = text; path = default_leviathan_theme.clj; sourceTree = "<group>"; };
		94855A0F181109A700220186 /* LVPreferencesWindowController.h */ = {isa = PBXFileReference; fileEncoding = 4; lastKnownFileType = sourcecode.c.h; path = LVPreferencesWindowController.h; sourceTree = "<group>"; };
		94855A10181109A700220186 /* LVPreferencesWindowController.m */ = {isa = PBXFileReference; fileEncoding = 4; lastKnownFileType = sourcecode.c.objc; path = LVPreferencesWindowController.m; sourceTree = "<group>"; };
		94855A11181109A700220186 /* PreferencesWindow.xib */ = {isa = PBXFileReference; fileEncoding = 4; lastKnownFileType = file.xib; path = PreferencesWindow.xib; sourceTree = "<group>"; };
		94855A1518110E2200220186 /* LVPreferences.h */ = {isa = PBXFileReference; fileEncoding = 4; lastKnownFileType = sourcecode.c.h; path = LVPreferences.h; sourceTree = "<group>"; };
		94855A1618110E2200220186 /* LVPreferences.m */ = {isa = PBXFileReference; fileEncoding = 4; lastKnownFileType = sourcecode.c.objc; path = LVPreferences.m; sourceTree = "<group>"; };
		9490D7CF18104D58006ECA5E /* Leviathan.app */ = {isa = PBXFileReference; explicitFileType = wrapper.application; includeInIndex = 0; path = Leviathan.app; sourceTree = BUILT_PRODUCTS_DIR; };
		9490D7D218104D58006ECA5E /* Cocoa.framework */ = {isa = PBXFileReference; lastKnownFileType = wrapper.framework; name = Cocoa.framework; path = System/Library/Frameworks/Cocoa.framework; sourceTree = SDKROOT; };
		9490D7D518104D58006ECA5E /* AppKit.framework */ = {isa = PBXFileReference; lastKnownFileType = wrapper.framework; name = AppKit.framework; path = System/Library/Frameworks/AppKit.framework; sourceTree = SDKROOT; };
		9490D7D618104D58006ECA5E /* CoreData.framework */ = {isa = PBXFileReference; lastKnownFileType = wrapper.framework; name = CoreData.framework; path = System/Library/Frameworks/CoreData.framework; sourceTree = SDKROOT; };
		9490D7D718104D58006ECA5E /* Foundation.framework */ = {isa = PBXFileReference; lastKnownFileType = wrapper.framework; name = Foundation.framework; path = System/Library/Frameworks/Foundation.framework; sourceTree = SDKROOT; };
		9490D7DA18104D58006ECA5E /* Leviathan-Info.plist */ = {isa = PBXFileReference; lastKnownFileType = text.plist.xml; path = "Leviathan-Info.plist"; sourceTree = "<group>"; };
		9490D7DC18104D58006ECA5E /* en */ = {isa = PBXFileReference; lastKnownFileType = text.plist.strings; name = en; path = en.lproj/InfoPlist.strings; sourceTree = "<group>"; };
		9490D7DE18104D58006ECA5E /* main.m */ = {isa = PBXFileReference; lastKnownFileType = sourcecode.c.objc; path = main.m; sourceTree = "<group>"; };
		9490D7E018104D58006ECA5E /* Leviathan-Prefix.pch */ = {isa = PBXFileReference; lastKnownFileType = sourcecode.c.h; path = "Leviathan-Prefix.pch"; sourceTree = "<group>"; };
		9490D7E218104D58006ECA5E /* en */ = {isa = PBXFileReference; lastKnownFileType = text.rtf; name = en; path = en.lproj/Credits.rtf; sourceTree = "<group>"; };
		9490D7E418104D58006ECA5E /* LVAppDelegate.h */ = {isa = PBXFileReference; lastKnownFileType = sourcecode.c.h; path = LVAppDelegate.h; sourceTree = "<group>"; };
		9490D7E518104D58006ECA5E /* LVAppDelegate.m */ = {isa = PBXFileReference; lastKnownFileType = sourcecode.c.objc; path = LVAppDelegate.m; sourceTree = "<group>"; };
		9490D7E818104D58006ECA5E /* Base */ = {isa = PBXFileReference; lastKnownFileType = file.xib; name = Base; path = Base.lproj/MainMenu.xib; sourceTree = "<group>"; };
		9490D7EA18104D58006ECA5E /* Images.xcassets */ = {isa = PBXFileReference; lastKnownFileType = folder.assetcatalog; path = Images.xcassets; sourceTree = "<group>"; };
		9490D7F018104D59006ECA5E /* LeviathanTests.xctest */ = {isa = PBXFileReference; explicitFileType = wrapper.cfbundle; includeInIndex = 0; path = LeviathanTests.xctest; sourceTree = BUILT_PRODUCTS_DIR; };
		9490D7F118104D59006ECA5E /* XCTest.framework */ = {isa = PBXFileReference; lastKnownFileType = wrapper.framework; name = XCTest.framework; path = Library/Frameworks/XCTest.framework; sourceTree = DEVELOPER_DIR; };
		9490D7F818104D59006ECA5E /* LeviathanTests-Info.plist */ = {isa = PBXFileReference; lastKnownFileType = text.plist.xml; path = "LeviathanTests-Info.plist"; sourceTree = "<group>"; };
		9490D7FA18104D59006ECA5E /* en */ = {isa = PBXFileReference; lastKnownFileType = text.plist.strings; name = en; path = en.lproj/InfoPlist.strings; sourceTree = "<group>"; };
		9490D7FC18104D59006ECA5E /* LeviathanTests.m */ = {isa = PBXFileReference; lastKnownFileType = sourcecode.c.objc; path = LeviathanTests.m; sourceTree = "<group>"; };
		9490D80618104DE1006ECA5E /* LVProjectWindowController.h */ = {isa = PBXFileReference; fileEncoding = 4; lastKnownFileType = sourcecode.c.h; path = LVProjectWindowController.h; sourceTree = "<group>"; };
		9490D80718104DE1006ECA5E /* LVProjectWindowController.m */ = {isa = PBXFileReference; fileEncoding = 4; lastKnownFileType = sourcecode.c.objc; path = LVProjectWindowController.m; sourceTree = "<group>"; };
		9490D80818104DE1006ECA5E /* ProjectWindow.xib */ = {isa = PBXFileReference; fileEncoding = 4; lastKnownFileType = file.xib; path = ProjectWindow.xib; sourceTree = "<group>"; };
		9490D80B18104E81006ECA5E /* LVProject.h */ = {isa = PBXFileReference; fileEncoding = 4; lastKnownFileType = sourcecode.c.h; path = LVProject.h; sourceTree = "<group>"; };
		9490D80C18104E81006ECA5E /* LVProject.m */ = {isa = PBXFileReference; fileEncoding = 4; lastKnownFileType = sourcecode.c.objc; path = LVProject.m; sourceTree = "<group>"; };
		9490D80E18105023006ECA5E /* LVTabView.h */ = {isa = PBXFileReference; fileEncoding = 4; lastKnownFileType = sourcecode.c.h; path = LVTabView.h; sourceTree = "<group>"; };
		9490D80F18105023006ECA5E /* LVTabView.m */ = {isa = PBXFileReference; fileEncoding = 4; lastKnownFileType = sourcecode.c.objc; path = LVTabView.m; sourceTree = "<group>"; };
		9490D811181050AA006ECA5E /* LVTabBar.h */ = {isa = PBXFileReference; fileEncoding = 4; lastKnownFileType = sourcecode.c.h; path = LVTabBar.h; sourceTree = "<group>"; };
		9490D812181050AA006ECA5E /* LVTabBar.m */ = {isa = PBXFileReference; fileEncoding = 4; lastKnownFileType = sourcecode.c.objc; path = LVTabBar.m; sourceTree = "<group>"; };
		9490D817181053F2006ECA5E /* LVFile.h */ = {isa = PBXFileReference; fileEncoding = 4; lastKnownFileType = sourcecode.c.h; path = LVFile.h; sourceTree = "<group>"; };
		9490D818181053F2006ECA5E /* LVFile.m */ = {isa = PBXFileReference; fileEncoding = 4; lastKnownFileType = sourcecode.c.objc; path = LVFile.m; sourceTree = "<group>"; };
		9490D81A181054EE006ECA5E /* LVTab.h */ = {isa = PBXFileReference; fileEncoding = 4; lastKnownFileType = sourcecode.c.h; path = LVTab.h; sourceTree = "<group>"; };
		9490D81B181054EE006ECA5E /* LVTab.m */ = {isa = PBXFileReference; fileEncoding = 4; lastKnownFileType = sourcecode.c.objc; path = LVTab.m; sourceTree = "<group>"; };
		9490D81C181054EE006ECA5E /* Tab.xib */ = {isa = PBXFileReference; fileEncoding = 4; lastKnownFileType = file.xib; path = Tab.xib; sourceTree = "<group>"; };
		9490D81F18105B2D006ECA5E /* LVEditor.h */ = {isa = PBXFileReference; fileEncoding = 4; lastKnownFileType = sourcecode.c.h; path = LVEditor.h; sourceTree = "<group>"; };
		9490D82018105B2D006ECA5E /* LVEditor.m */ = {isa = PBXFileReference; fileEncoding = 4; lastKnownFileType = sourcecode.c.objc; path = LVEditor.m; sourceTree = "<group>"; };
		9490D82118105B2D006ECA5E /* Editor.xib */ = {isa = PBXFileReference; fileEncoding = 4; lastKnownFileType = file.xib; path = Editor.xib; sourceTree = "<group>"; };
		9490D82418105EBB006ECA5E /* QuartzCore.framework */ = {isa = PBXFileReference; lastKnownFileType = wrapper.framework; name = QuartzCore.framework; path = System/Library/Frameworks/QuartzCore.framework; sourceTree = SDKROOT; };
		9490D82B1810781D006ECA5E /* LVTextView.h */ = {isa = PBXFileReference; fileEncoding = 4; lastKnownFileType = sourcecode.c.h; path = LVTextView.h; sourceTree = "<group>"; };
		9490D82C1810781D006ECA5E /* LVTextView.m */ = {isa = PBXFileReference; fileEncoding = 4; lastKnownFileType = sourcecode.c.objc; path = LVTextView.m; sourceTree = "<group>"; };
		9490D83318107FD6006ECA5E /* SDFuzzyMatcher.h */ = {isa = PBXFileReference; fileEncoding = 4; lastKnownFileType = sourcecode.c.h; path = SDFuzzyMatcher.h; sourceTree = "<group>"; };
		9490D83418107FD6006ECA5E /* SDFuzzyMatcher.m */ = {isa = PBXFileReference; fileEncoding = 4; lastKnownFileType = sourcecode.c.objc; path = SDFuzzyMatcher.m; sourceTree = "<group>"; };
		9490D83518107FD6006ECA5E /* SDFuzzyMatcherWindow.xib */ = {isa = PBXFileReference; fileEncoding = 4; lastKnownFileType = file.xib; path = SDFuzzyMatcherWindow.xib; sourceTree = "<group>"; };
		9490D83618107FD6006ECA5E /* SDFuzzyMatcherWindowController.h */ = {isa = PBXFileReference; fileEncoding = 4; lastKnownFileType = sourcecode.c.h; path = SDFuzzyMatcherWindowController.h; sourceTree = "<group>"; };
		9490D83718107FD6006ECA5E /* SDFuzzyMatcherWindowController.m */ = {isa = PBXFileReference; fileEncoding = 4; lastKnownFileType = sourcecode.c.objc; path = SDFuzzyMatcherWindowController.m; sourceTree = "<group>"; };
		9490D83818107FD6006ECA5E /* SDChoiceTableView.h */ = {isa = PBXFileReference; fileEncoding = 4; lastKnownFileType = sourcecode.c.h; path = SDChoiceTableView.h; sourceTree = "<group>"; };
		9490D83918107FD6006ECA5E /* SDChoiceTableView.m */ = {isa = PBXFileReference; fileEncoding = 4; lastKnownFileType = sourcecode.c.objc; path = SDChoiceTableView.m; sourceTree = "<group>"; };
		9490D83A18107FD6006ECA5E /* SDChoice.h */ = {isa = PBXFileReference; fileEncoding = 4; lastKnownFileType = sourcecode.c.h; path = SDChoice.h; sourceTree = "<group>"; };
		9490D83B18107FD6006ECA5E /* SDChoice.m */ = {isa = PBXFileReference; fileEncoding = 4; lastKnownFileType = sourcecode.c.objc; path = SDChoice.m; sourceTree = "<group>"; };
		9490D83C18107FD6006ECA5E /* NSString+Score.h */ = {isa = PBXFileReference; fileEncoding = 4; lastKnownFileType = sourcecode.c.h; path = "NSString+Score.h"; sourceTree = "<group>"; };
		9490D83D18107FD6006ECA5E /* NSString+Score.m */ = {isa = PBXFileReference; fileEncoding = 4; lastKnownFileType = sourcecode.c.objc; path = "NSString+Score.m"; sourceTree = "<group>"; };
		9493D96618108BC80080E3C0 /* LVParser.h */ = {isa = PBXFileReference; fileEncoding = 4; lastKnownFileType = sourcecode.c.h; path = LVParser.h; sourceTree = "<group>"; };
		9493D96718108BC80080E3C0 /* LVParser.m */ = {isa = PBXFileReference; fileEncoding = 4; lastKnownFileType = sourcecode.c.objc; path = LVParser.m; sourceTree = "<group>"; };
		9493D96818108BC80080E3C0 /* LVToken.h */ = {isa = PBXFileReference; fileEncoding = 4; lastKnownFileType = sourcecode.c.h; path = LVToken.h; sourceTree = "<group>"; };
		9493D96918108BC80080E3C0 /* LVToken.m */ = {isa = PBXFileReference; fileEncoding = 4; lastKnownFileType = sourcecode.c.objc; path = LVToken.m; sourceTree = "<group>"; };
		9493D96A18108BC80080E3C0 /* LVElement.h */ = {isa = PBXFileReference; fileEncoding = 4; lastKnownFileType = sourcecode.c.h; path = LVElement.h; sourceTree = "<group>"; };
		9493D96B18108BC80080E3C0 /* LVColl.h */ = {isa = PBXFileReference; fileEncoding = 4; lastKnownFileType = sourcecode.c.h; path = LVColl.h; sourceTree = "<group>"; };
		9493D96C18108BC80080E3C0 /* LVColl.m */ = {isa = PBXFileReference; fileEncoding = 4; lastKnownFileType = sourcecode.c.objc; path = LVColl.m; sourceTree = "<group>"; };
		9493D96D18108BC80080E3C0 /* LVAtom.h */ = {isa = PBXFileReference; fileEncoding = 4; lastKnownFileType = sourcecode.c.h; path = LVAtom.h; sourceTree = "<group>"; };
		9493D96E18108BC80080E3C0 /* LVAtom.m */ = {isa = PBXFileReference; fileEncoding = 4; lastKnownFileType = sourcecode.c.objc; path = LVAtom.m; sourceTree = "<group>"; };
		949EC52018138102001C9CAB /* parser.mm */ = {isa = PBXFileReference; fileEncoding = 4; lastKnownFileType = sourcecode.cpp.objcpp; path = parser.mm; sourceTree = "<group>"; };
		949EC52118138102001C9CAB /* parser.h */ = {isa = PBXFileReference; fileEncoding = 4; lastKnownFileType = sourcecode.c.h; path = parser.h; sourceTree = "<group>"; };
		949EC5231813811E001C9CAB /* lexer.mm */ = {isa = PBXFileReference; fileEncoding = 4; lastKnownFileType = sourcecode.cpp.objcpp; path = lexer.mm; sourceTree = "<group>"; };
		949EC5241813811E001C9CAB /* lexer.h */ = {isa = PBXFileReference; fileEncoding = 4; lastKnownFileType = sourcecode.c.h; path = lexer.h; sourceTree = "<group>"; };
		949EC52618139226001C9CAB /* LVTestBed.h */ = {isa = PBXFileReference; fileEncoding = 4; lastKnownFileType = sourcecode.c.h; path = LVTestBed.h; sourceTree = "<group>"; };
		949EC52718139226001C9CAB /* LVTestBed.mm */ = {isa = PBXFileReference; fileEncoding = 4; lastKnownFileType = sourcecode.cpp.objcpp; path = LVTestBed.mm; sourceTree = "<group>"; };
		949EC52C1813B2D2001C9CAB /* parse_error.h */ = {isa = PBXFileReference; fileEncoding = 4; lastKnownFileType = sourcecode.c.h; path = parse_error.h; sourceTree = "<group>"; };
		94ABB12D181463B5003415B5 /* atom.mm */ = {isa = PBXFileReference; fileEncoding = 4; lastKnownFileType = sourcecode.cpp.objcpp; path = atom.mm; sourceTree = "<group>"; };
		94ABB12E181463B5003415B5 /* atom.h */ = {isa = PBXFileReference; fileEncoding = 4; lastKnownFileType = sourcecode.c.h; path = atom.h; sourceTree = "<group>"; };
		94ABB130181463C4003415B5 /* coll.mm */ = {isa = PBXFileReference; fileEncoding = 4; lastKnownFileType = sourcecode.cpp.objcpp; path = coll.mm; sourceTree = "<group>"; };
		94ABB131181463C4003415B5 /* coll.h */ = {isa = PBXFileReference; fileEncoding = 4; lastKnownFileType = sourcecode.c.h; path = coll.h; sourceTree = "<group>"; };
		94ABB133181463D3003415B5 /* element.h */ = {isa = PBXFileReference; lastKnownFileType = sourcecode.c.h; path = element.h; sourceTree = "<group>"; };
		94D794321811226D003307F4 /* LVThemeManager.h */ = {isa = PBXFileReference; fileEncoding = 4; lastKnownFileType = sourcecode.c.h; path = LVThemeManager.h; sourceTree = "<group>"; };
		94D794331811226D003307F4 /* LVThemeManager.m */ = {isa = PBXFileReference; fileEncoding = 4; lastKnownFileType = sourcecode.c.objc; path = LVThemeManager.m; sourceTree = "<group>"; };
		94D79436181125F1003307F4 /* BMOEDNCharacter.h */ = {isa = PBXFileReference; fileEncoding = 4; lastKnownFileType = sourcecode.c.h; path = BMOEDNCharacter.h; sourceTree = "<group>"; };
		94D79437181125F1003307F4 /* BMOEDNCharacter.m */ = {isa = PBXFileReference; fileEncoding = 4; lastKnownFileType = sourcecode.c.objc; path = BMOEDNCharacter.m; sourceTree = "<group>"; };
		94D79438181125F1003307F4 /* BMOEDNCoder.h */ = {isa = PBXFileReference; fileEncoding = 4; lastKnownFileType = sourcecode.c.h; path = BMOEDNCoder.h; sourceTree = "<group>"; };
		94D79439181125F1003307F4 /* BMOEDNCoder.m */ = {isa = PBXFileReference; fileEncoding = 4; lastKnownFileType = sourcecode.c.objc; path = BMOEDNCoder.m; sourceTree = "<group>"; };
		94D7943A181125F1003307F4 /* BMOEDNError.h */ = {isa = PBXFileReference; fileEncoding = 4; lastKnownFileType = sourcecode.c.h; path = BMOEDNError.h; sourceTree = "<group>"; };
		94D7943B181125F1003307F4 /* BMOEDNError.m */ = {isa = PBXFileReference; fileEncoding = 4; lastKnownFileType = sourcecode.c.objc; path = BMOEDNError.m; sourceTree = "<group>"; };
		94D7943C181125F1003307F4 /* BMOEDNKeyword.h */ = {isa = PBXFileReference; fileEncoding = 4; lastKnownFileType = sourcecode.c.h; path = BMOEDNKeyword.h; sourceTree = "<group>"; };
		94D7943D181125F1003307F4 /* BMOEDNKeyword.m */ = {isa = PBXFileReference; fileEncoding = 4; lastKnownFileType = sourcecode.c.objc; path = BMOEDNKeyword.m; sourceTree = "<group>"; };
		94D7943E181125F1003307F4 /* BMOEDNList.h */ = {isa = PBXFileReference; fileEncoding = 4; lastKnownFileType = sourcecode.c.h; path = BMOEDNList.h; sourceTree = "<group>"; };
		94D7943F181125F1003307F4 /* BMOEDNList.m */ = {isa = PBXFileReference; fileEncoding = 4; lastKnownFileType = sourcecode.c.objc; path = BMOEDNList.m; sourceTree = "<group>"; };
		94D79440181125F1003307F4 /* BMOEDNReader.h */ = {isa = PBXFileReference; fileEncoding = 4; lastKnownFileType = sourcecode.c.h; path = BMOEDNReader.h; sourceTree = "<group>"; };
		94D79441181125F1003307F4 /* BMOEDNReader.m */ = {isa = PBXFileReference; fileEncoding = 4; lastKnownFileType = sourcecode.c.objc; path = BMOEDNReader.m; sourceTree = "<group>"; };
		94D79442181125F1003307F4 /* BMOEDNReaderState.h */ = {isa = PBXFileReference; fileEncoding = 4; lastKnownFileType = sourcecode.c.h; path = BMOEDNReaderState.h; sourceTree = "<group>"; };
		94D79443181125F1003307F4 /* BMOEDNReaderState.m */ = {isa = PBXFileReference; fileEncoding = 4; lastKnownFileType = sourcecode.c.objc; path = BMOEDNReaderState.m; sourceTree = "<group>"; };
		94D79444181125F1003307F4 /* BMOEDNRegistry.h */ = {isa = PBXFileReference; fileEncoding = 4; lastKnownFileType = sourcecode.c.h; path = BMOEDNRegistry.h; sourceTree = "<group>"; };
		94D79445181125F1003307F4 /* BMOEDNRegistry.m */ = {isa = PBXFileReference; fileEncoding = 4; lastKnownFileType = sourcecode.c.objc; path = BMOEDNRegistry.m; sourceTree = "<group>"; };
		94D79446181125F1003307F4 /* BMOEDNRepresentation.h */ = {isa = PBXFileReference; fileEncoding = 4; lastKnownFileType = sourcecode.c.h; path = BMOEDNRepresentation.h; sourceTree = "<group>"; };
		94D79447181125F1003307F4 /* BMOEDNRoot.h */ = {isa = PBXFileReference; fileEncoding = 4; lastKnownFileType = sourcecode.c.h; path = BMOEDNRoot.h; sourceTree = "<group>"; };
		94D79448181125F1003307F4 /* BMOEDNRoot.m */ = {isa = PBXFileReference; fileEncoding = 4; lastKnownFileType = sourcecode.c.objc; path = BMOEDNRoot.m; sourceTree = "<group>"; };
		94D79449181125F1003307F4 /* BMOEDNSerialization.h */ = {isa = PBXFileReference; fileEncoding = 4; lastKnownFileType = sourcecode.c.h; path = BMOEDNSerialization.h; sourceTree = "<group>"; };
		94D7944A181125F1003307F4 /* BMOEDNSerialization.m */ = {isa = PBXFileReference; fileEncoding = 4; lastKnownFileType = sourcecode.c.objc; path = BMOEDNSerialization.m; sourceTree = "<group>"; };
		94D7944B181125F1003307F4 /* BMOEDNSymbol.h */ = {isa = PBXFileReference; fileEncoding = 4; lastKnownFileType = sourcecode.c.h; path = BMOEDNSymbol.h; sourceTree = "<group>"; };
		94D7944C181125F1003307F4 /* BMOEDNSymbol.m */ = {isa = PBXFileReference; fileEncoding = 4; lastKnownFileType = sourcecode.c.objc; path = BMOEDNSymbol.m; sourceTree = "<group>"; };
		94D7944D181125F1003307F4 /* BMOEDNTaggedElement.h */ = {isa = PBXFileReference; fileEncoding = 4; lastKnownFileType = sourcecode.c.h; path = BMOEDNTaggedElement.h; sourceTree = "<group>"; };
		94D7944E181125F1003307F4 /* BMOEDNTaggedElement.m */ = {isa = PBXFileReference; fileEncoding = 4; lastKnownFileType = sourcecode.c.objc; path = BMOEDNTaggedElement.m; sourceTree = "<group>"; };
		94D7944F181125F1003307F4 /* BMOEDNWriter.h */ = {isa = PBXFileReference; fileEncoding = 4; lastKnownFileType = sourcecode.c.h; path = BMOEDNWriter.h; sourceTree = "<group>"; };
		94D79450181125F1003307F4 /* BMOEDNWriter.m */ = {isa = PBXFileReference; fileEncoding = 4; lastKnownFileType = sourcecode.c.objc; path = BMOEDNWriter.m; sourceTree = "<group>"; };
		94D79451181125F1003307F4 /* BMOEDNWriterState.h */ = {isa = PBXFileReference; fileEncoding = 4; lastKnownFileType = sourcecode.c.h; path = BMOEDNWriterState.h; sourceTree = "<group>"; };
		94D79452181125F1003307F4 /* BMOEDNWriterState.m */ = {isa = PBXFileReference; fileEncoding = 4; lastKnownFileType = sourcecode.c.objc; path = BMOEDNWriterState.m; sourceTree = "<group>"; };
		94D79453181125F1003307F4 /* BMOLazyEnumerator.h */ = {isa = PBXFileReference; fileEncoding = 4; lastKnownFileType = sourcecode.c.h; path = BMOLazyEnumerator.h; sourceTree = "<group>"; };
		94D79454181125F1003307F4 /* BMOLazyEnumerator.m */ = {isa = PBXFileReference; fileEncoding = 4; lastKnownFileType = sourcecode.c.objc; path = BMOLazyEnumerator.m; sourceTree = "<group>"; };
		94D79455181125F1003307F4 /* edn-objc-Prefix.pch */ = {isa = PBXFileReference; fileEncoding = 4; lastKnownFileType = sourcecode.c.h; path = "edn-objc-Prefix.pch"; sourceTree = "<group>"; };
		94D79456181125F1003307F4 /* edn-objc.h */ = {isa = PBXFileReference; fileEncoding = 4; lastKnownFileType = sourcecode.c.h; path = "edn-objc.h"; sourceTree = "<group>"; };
		94D79457181125F1003307F4 /* NSData+BMOEDN.h */ = {isa = PBXFileReference; fileEncoding = 4; lastKnownFileType = sourcecode.c.h; path = "NSData+BMOEDN.h"; sourceTree = "<group>"; };
		94D79458181125F1003307F4 /* NSData+BMOEDN.m */ = {isa = PBXFileReference; fileEncoding = 4; lastKnownFileType = sourcecode.c.objc; path = "NSData+BMOEDN.m"; sourceTree = "<group>"; };
		94D79459181125F1003307F4 /* NSDate+BMOEDN.h */ = {isa = PBXFileReference; fileEncoding = 4; lastKnownFileType = sourcecode.c.h; path = "NSDate+BMOEDN.h"; sourceTree = "<group>"; };
		94D7945A181125F1003307F4 /* NSDate+BMOEDN.m */ = {isa = PBXFileReference; fileEncoding = 4; lastKnownFileType = sourcecode.c.objc; path = "NSDate+BMOEDN.m"; sourceTree = "<group>"; };
		94D7945B181125F1003307F4 /* NSInputStream+BMOEDN.h */ = {isa = PBXFileReference; fileEncoding = 4; lastKnownFileType = sourcecode.c.h; path = "NSInputStream+BMOEDN.h"; sourceTree = "<group>"; };
		94D7945C181125F1003307F4 /* NSInputStream+BMOEDN.m */ = {isa = PBXFileReference; fileEncoding = 4; lastKnownFileType = sourcecode.c.objc; path = "NSInputStream+BMOEDN.m"; sourceTree = "<group>"; };
		94D7945D181125F1003307F4 /* NSObject+BMOEDN.h */ = {isa = PBXFileReference; fileEncoding = 4; lastKnownFileType = sourcecode.c.h; path = "NSObject+BMOEDN.h"; sourceTree = "<group>"; };
		94D7945E181125F1003307F4 /* NSObject+BMOEDN.m */ = {isa = PBXFileReference; fileEncoding = 4; lastKnownFileType = sourcecode.c.objc; path = "NSObject+BMOEDN.m"; sourceTree = "<group>"; };
		94D7945F181125F1003307F4 /* NSString+BMOEDN.h */ = {isa = PBXFileReference; fileEncoding = 4; lastKnownFileType = sourcecode.c.h; path = "NSString+BMOEDN.h"; sourceTree = "<group>"; };
		94D79460181125F1003307F4 /* NSString+BMOEDN.m */ = {isa = PBXFileReference; fileEncoding = 4; lastKnownFileType = sourcecode.c.objc; path = "NSString+BMOEDN.m"; sourceTree = "<group>"; };
		94D79461181125F1003307F4 /* NSUUID+BMOEDN.h */ = {isa = PBXFileReference; fileEncoding = 4; lastKnownFileType = sourcecode.c.h; path = "NSUUID+BMOEDN.h"; sourceTree = "<group>"; };
		94D79462181125F1003307F4 /* NSUUID+BMOEDN.m */ = {isa = PBXFileReference; fileEncoding = 4; lastKnownFileType = sourcecode.c.objc; path = "NSUUID+BMOEDN.m"; sourceTree = "<group>"; };
		94D7947818112CC0003307F4 /* LVHighlighter.h */ = {isa = PBXFileReference; fileEncoding = 4; lastKnownFileType = sourcecode.c.h; path = LVHighlighter.h; sourceTree = "<group>"; };
		94D7947918112CC0003307F4 /* LVHighlighter.m */ = {isa = PBXFileReference; fileEncoding = 4; lastKnownFileType = sourcecode.c.objc; path = LVHighlighter.m; sourceTree = "<group>"; };
		94EB3DC818161106002E639F /* token.mm */ = {isa = PBXFileReference; fileEncoding = 4; lastKnownFileType = sourcecode.cpp.objcpp; path = token.mm; sourceTree = "<group>"; };
		94EB3DC918161106002E639F /* token.h */ = {isa = PBXFileReference; fileEncoding = 4; lastKnownFileType = sourcecode.c.h; path = token.h; sourceTree = "<group>"; };
		94EF5CF61811E744004836A0 /* LVTheme.h */ = {isa = PBXFileReference; fileEncoding = 4; lastKnownFileType = sourcecode.c.h; path = LVTheme.h; sourceTree = "<group>"; };
		94EF5CF71811E744004836A0 /* LVTheme.m */ = {isa = PBXFileReference; fileEncoding = 4; lastKnownFileType = sourcecode.c.objc; path = LVTheme.m; sourceTree = "<group>"; };
/* End PBXFileReference section */

/* Begin PBXFrameworksBuildPhase section */
		9490D7CC18104D58006ECA5E /* Frameworks */ = {
			isa = PBXFrameworksBuildPhase;
			buildActionMask = 2147483647;
			files = (
				9490D82518105EBB006ECA5E /* QuartzCore.framework in Frameworks */,
				9490D7D318104D58006ECA5E /* Cocoa.framework in Frameworks */,
			);
			runOnlyForDeploymentPostprocessing = 0;
		};
		9490D7ED18104D59006ECA5E /* Frameworks */ = {
			isa = PBXFrameworksBuildPhase;
			buildActionMask = 2147483647;
			files = (
				9490D7F318104D59006ECA5E /* Cocoa.framework in Frameworks */,
				9490D7F218104D59006ECA5E /* XCTest.framework in Frameworks */,
			);
			runOnlyForDeploymentPostprocessing = 0;
		};
/* End PBXFrameworksBuildPhase section */

/* Begin PBXGroup section */
		940977FC1814EF2800D0B9B1 /* New Parser */ = {
			isa = PBXGroup;
			children = (
				94ABB133181463D3003415B5 /* element.h */,
				94EB3DCB18161DD5002E639F /* parsing */,
				94EB3DCC18161DDD002E639F /* tokens */,
				94EB3DCD18161DE6002E639F /* colls */,
				94EB3DCE18161DEA002E639F /* atoms */,
			);
			name = "New Parser";
			sourceTree = "<group>";
		};
		94855A14181109AE00220186 /* Preferences */ = {
			isa = PBXGroup;
			children = (
				94855A11181109A700220186 /* PreferencesWindow.xib */,
				94855A0F181109A700220186 /* LVPreferencesWindowController.h */,
				94855A10181109A700220186 /* LVPreferencesWindowController.m */,
				94855A1518110E2200220186 /* LVPreferences.h */,
				94855A1618110E2200220186 /* LVPreferences.m */,
			);
			name = Preferences;
			sourceTree = "<group>";
		};
		9490D7C618104D58006ECA5E = {
			isa = PBXGroup;
			children = (
				9490D7D818104D58006ECA5E /* Leviathan */,
				9490D7F618104D59006ECA5E /* LeviathanTests */,
				9490D7D118104D58006ECA5E /* Frameworks */,
				9490D7D018104D58006ECA5E /* Products */,
			);
			sourceTree = "<group>";
		};
		9490D7D018104D58006ECA5E /* Products */ = {
			isa = PBXGroup;
			children = (
				9490D7CF18104D58006ECA5E /* Leviathan.app */,
				9490D7F018104D59006ECA5E /* LeviathanTests.xctest */,
			);
			name = Products;
			sourceTree = "<group>";
		};
		9490D7D118104D58006ECA5E /* Frameworks */ = {
			isa = PBXGroup;
			children = (
				9490D82418105EBB006ECA5E /* QuartzCore.framework */,
				9490D7D218104D58006ECA5E /* Cocoa.framework */,
				9490D7F118104D59006ECA5E /* XCTest.framework */,
				9490D7D418104D58006ECA5E /* Other Frameworks */,
			);
			name = Frameworks;
			sourceTree = "<group>";
		};
		9490D7D418104D58006ECA5E /* Other Frameworks */ = {
			isa = PBXGroup;
			children = (
				9490D7D518104D58006ECA5E /* AppKit.framework */,
				9490D7D618104D58006ECA5E /* CoreData.framework */,
				9490D7D718104D58006ECA5E /* Foundation.framework */,
			);
			name = "Other Frameworks";
			sourceTree = "<group>";
		};
		9490D7D818104D58006ECA5E /* Leviathan */ = {
			isa = PBXGroup;
			children = (
				9490D7E718104D58006ECA5E /* MainMenu.xib */,
				9490D7E418104D58006ECA5E /* LVAppDelegate.h */,
				9490D7E518104D58006ECA5E /* LVAppDelegate.m */,
				949EC52618139226001C9CAB /* LVTestBed.h */,
				949EC52718139226001C9CAB /* LVTestBed.mm */,
				94D79435181125F1003307F4 /* edn-objc */,
				940977FC1814EF2800D0B9B1 /* New Parser */,
				9493D96518108BBE0080E3C0 /* Parser */,
				94855A14181109AE00220186 /* Preferences */,
				9490D83218107FCD006ECA5E /* Fuzzy Matcher */,
				9490D82E18107DC5006ECA5E /* Theme */,
				9490D82918106B45006ECA5E /* Project Window */,
				9490D82A18106B4B006ECA5E /* Models */,
				9490D82818106B3A006ECA5E /* TabBar */,
				9490D82718106B35006ECA5E /* Tab */,
				9490D82618106B30006ECA5E /* Editor */,
				9490D7EA18104D58006ECA5E /* Images.xcassets */,
				9490D7D918104D58006ECA5E /* Supporting Files */,
			);
			path = Leviathan;
			sourceTree = "<group>";
		};
		9490D7D918104D58006ECA5E /* Supporting Files */ = {
			isa = PBXGroup;
			children = (
				9490D7DA18104D58006ECA5E /* Leviathan-Info.plist */,
				9490D7DB18104D58006ECA5E /* InfoPlist.strings */,
				9490D7DE18104D58006ECA5E /* main.m */,
				9490D7E018104D58006ECA5E /* Leviathan-Prefix.pch */,
				9490D7E118104D58006ECA5E /* Credits.rtf */,
			);
			name = "Supporting Files";
			sourceTree = "<group>";
		};
		9490D7F618104D59006ECA5E /* LeviathanTests */ = {
			isa = PBXGroup;
			children = (
				94855A061810D92500220186 /* SDExpectation.h */,
				94855A071810D92500220186 /* SDExpectation.m */,
				9490D7FC18104D59006ECA5E /* LeviathanTests.m */,
				9490D7F718104D59006ECA5E /* Supporting Files */,
			);
			path = LeviathanTests;
			sourceTree = "<group>";
		};
		9490D7F718104D59006ECA5E /* Supporting Files */ = {
			isa = PBXGroup;
			children = (
				9490D7F818104D59006ECA5E /* LeviathanTests-Info.plist */,
				9490D7F918104D59006ECA5E /* InfoPlist.strings */,
			);
			name = "Supporting Files";
			sourceTree = "<group>";
		};
		9490D82618106B30006ECA5E /* Editor */ = {
			isa = PBXGroup;
			children = (
				9490D82118105B2D006ECA5E /* Editor.xib */,
				9490D81F18105B2D006ECA5E /* LVEditor.h */,
				9490D82018105B2D006ECA5E /* LVEditor.m */,
				9490D82B1810781D006ECA5E /* LVTextView.h */,
				9490D82C1810781D006ECA5E /* LVTextView.m */,
			);
			name = Editor;
			sourceTree = "<group>";
		};
		9490D82718106B35006ECA5E /* Tab */ = {
			isa = PBXGroup;
			children = (
				9490D81C181054EE006ECA5E /* Tab.xib */,
				9490D81A181054EE006ECA5E /* LVTab.h */,
				9490D81B181054EE006ECA5E /* LVTab.m */,
			);
			name = Tab;
			sourceTree = "<group>";
		};
		9490D82818106B3A006ECA5E /* TabBar */ = {
			isa = PBXGroup;
			children = (
				9490D80E18105023006ECA5E /* LVTabView.h */,
				9490D80F18105023006ECA5E /* LVTabView.m */,
				9490D811181050AA006ECA5E /* LVTabBar.h */,
				9490D812181050AA006ECA5E /* LVTabBar.m */,
			);
			name = TabBar;
			sourceTree = "<group>";
		};
		9490D82918106B45006ECA5E /* Project Window */ = {
			isa = PBXGroup;
			children = (
				9490D80818104DE1006ECA5E /* ProjectWindow.xib */,
				9490D80618104DE1006ECA5E /* LVProjectWindowController.h */,
				9490D80718104DE1006ECA5E /* LVProjectWindowController.m */,
			);
			name = "Project Window";
			sourceTree = "<group>";
		};
		9490D82A18106B4B006ECA5E /* Models */ = {
			isa = PBXGroup;
			children = (
				9490D80B18104E81006ECA5E /* LVProject.h */,
				9490D80C18104E81006ECA5E /* LVProject.m */,
				9490D817181053F2006ECA5E /* LVFile.h */,
				9490D818181053F2006ECA5E /* LVFile.m */,
			);
			name = Models;
			sourceTree = "<group>";
		};
		9490D82E18107DC5006ECA5E /* Theme */ = {
			isa = PBXGroup;
			children = (
				94855A0C1811048E00220186 /* default_leviathan_theme.clj */,
				94D794321811226D003307F4 /* LVThemeManager.h */,
				94D794331811226D003307F4 /* LVThemeManager.m */,
				94EF5CF61811E744004836A0 /* LVTheme.h */,
				94EF5CF71811E744004836A0 /* LVTheme.m */,
				94D7947818112CC0003307F4 /* LVHighlighter.h */,
				94D7947918112CC0003307F4 /* LVHighlighter.m */,
			);
			name = Theme;
			sourceTree = "<group>";
		};
		9490D83218107FCD006ECA5E /* Fuzzy Matcher */ = {
			isa = PBXGroup;
			children = (
				9490D83318107FD6006ECA5E /* SDFuzzyMatcher.h */,
				9490D83418107FD6006ECA5E /* SDFuzzyMatcher.m */,
				9490D83518107FD6006ECA5E /* SDFuzzyMatcherWindow.xib */,
				9490D83618107FD6006ECA5E /* SDFuzzyMatcherWindowController.h */,
				9490D83718107FD6006ECA5E /* SDFuzzyMatcherWindowController.m */,
				9490D83818107FD6006ECA5E /* SDChoiceTableView.h */,
				9490D83918107FD6006ECA5E /* SDChoiceTableView.m */,
				9490D83A18107FD6006ECA5E /* SDChoice.h */,
				9490D83B18107FD6006ECA5E /* SDChoice.m */,
				9490D83C18107FD6006ECA5E /* NSString+Score.h */,
				9490D83D18107FD6006ECA5E /* NSString+Score.m */,
			);
			name = "Fuzzy Matcher";
			sourceTree = "<group>";
		};
		9493D96518108BBE0080E3C0 /* Parser */ = {
			isa = PBXGroup;
			children = (
				9493D96618108BC80080E3C0 /* LVParser.h */,
				9493D96718108BC80080E3C0 /* LVParser.m */,
				9493D96818108BC80080E3C0 /* LVToken.h */,
				9493D96918108BC80080E3C0 /* LVToken.m */,
				9493D96A18108BC80080E3C0 /* LVElement.h */,
				9493D96B18108BC80080E3C0 /* LVColl.h */,
				9493D96C18108BC80080E3C0 /* LVColl.m */,
				9493D96D18108BC80080E3C0 /* LVAtom.h */,
				9493D96E18108BC80080E3C0 /* LVAtom.m */,
				94855A091810DAE100220186 /* LVParserError.h */,
				94855A0A1810DAE100220186 /* LVParserError.m */,
			);
			name = Parser;
			sourceTree = "<group>";
		};
		94D79435181125F1003307F4 /* edn-objc */ = {
			isa = PBXGroup;
			children = (
				94D79436181125F1003307F4 /* BMOEDNCharacter.h */,
				94D79437181125F1003307F4 /* BMOEDNCharacter.m */,
				94D79438181125F1003307F4 /* BMOEDNCoder.h */,
				94D79439181125F1003307F4 /* BMOEDNCoder.m */,
				94D7943A181125F1003307F4 /* BMOEDNError.h */,
				94D7943B181125F1003307F4 /* BMOEDNError.m */,
				94D7943C181125F1003307F4 /* BMOEDNKeyword.h */,
				94D7943D181125F1003307F4 /* BMOEDNKeyword.m */,
				94D7943E181125F1003307F4 /* BMOEDNList.h */,
				94D7943F181125F1003307F4 /* BMOEDNList.m */,
				94D79440181125F1003307F4 /* BMOEDNReader.h */,
				94D79441181125F1003307F4 /* BMOEDNReader.m */,
				94D79442181125F1003307F4 /* BMOEDNReaderState.h */,
				94D79443181125F1003307F4 /* BMOEDNReaderState.m */,
				94D79444181125F1003307F4 /* BMOEDNRegistry.h */,
				94D79445181125F1003307F4 /* BMOEDNRegistry.m */,
				94D79446181125F1003307F4 /* BMOEDNRepresentation.h */,
				94D79447181125F1003307F4 /* BMOEDNRoot.h */,
				94D79448181125F1003307F4 /* BMOEDNRoot.m */,
				94D79449181125F1003307F4 /* BMOEDNSerialization.h */,
				94D7944A181125F1003307F4 /* BMOEDNSerialization.m */,
				94D7944B181125F1003307F4 /* BMOEDNSymbol.h */,
				94D7944C181125F1003307F4 /* BMOEDNSymbol.m */,
				94D7944D181125F1003307F4 /* BMOEDNTaggedElement.h */,
				94D7944E181125F1003307F4 /* BMOEDNTaggedElement.m */,
				94D7944F181125F1003307F4 /* BMOEDNWriter.h */,
				94D79450181125F1003307F4 /* BMOEDNWriter.m */,
				94D79451181125F1003307F4 /* BMOEDNWriterState.h */,
				94D79452181125F1003307F4 /* BMOEDNWriterState.m */,
				94D79453181125F1003307F4 /* BMOLazyEnumerator.h */,
				94D79454181125F1003307F4 /* BMOLazyEnumerator.m */,
				94D79455181125F1003307F4 /* edn-objc-Prefix.pch */,
				94D79456181125F1003307F4 /* edn-objc.h */,
				94D79457181125F1003307F4 /* NSData+BMOEDN.h */,
				94D79458181125F1003307F4 /* NSData+BMOEDN.m */,
				94D79459181125F1003307F4 /* NSDate+BMOEDN.h */,
				94D7945A181125F1003307F4 /* NSDate+BMOEDN.m */,
				94D7945B181125F1003307F4 /* NSInputStream+BMOEDN.h */,
				94D7945C181125F1003307F4 /* NSInputStream+BMOEDN.m */,
				94D7945D181125F1003307F4 /* NSObject+BMOEDN.h */,
				94D7945E181125F1003307F4 /* NSObject+BMOEDN.m */,
				94D7945F181125F1003307F4 /* NSString+BMOEDN.h */,
				94D79460181125F1003307F4 /* NSString+BMOEDN.m */,
				94D79461181125F1003307F4 /* NSUUID+BMOEDN.h */,
				94D79462181125F1003307F4 /* NSUUID+BMOEDN.m */,
			);
			path = "edn-objc";
			sourceTree = "<group>";
		};
		94EB3DCB18161DD5002E639F /* parsing */ = {
			isa = PBXGroup;
			children = (
				949EC52C1813B2D2001C9CAB /* parse_error.h */,
				949EC5241813811E001C9CAB /* lexer.h */,
				949EC5231813811E001C9CAB /* lexer.mm */,
				949EC52118138102001C9CAB /* parser.h */,
				949EC52018138102001C9CAB /* parser.mm */,
			);
			name = parsing;
			sourceTree = "<group>";
		};
		94EB3DCC18161DDD002E639F /* tokens */ = {
			isa = PBXGroup;
			children = (
				94EB3DC918161106002E639F /* token.h */,
				94EB3DC818161106002E639F /* token.mm */,
			);
			name = tokens;
			sourceTree = "<group>";
		};
		94EB3DCD18161DE6002E639F /* colls */ = {
			isa = PBXGroup;
			children = (
				94ABB131181463C4003415B5 /* coll.h */,
				94ABB130181463C4003415B5 /* coll.mm */,
			);
			name = colls;
			sourceTree = "<group>";
		};
		94EB3DCE18161DEA002E639F /* atoms */ = {
			isa = PBXGroup;
			children = (
				94ABB12E181463B5003415B5 /* atom.h */,
				94ABB12D181463B5003415B5 /* atom.mm */,
			);
			name = atoms;
			sourceTree = "<group>";
		};
/* End PBXGroup section */

/* Begin PBXNativeTarget section */
		9490D7CE18104D58006ECA5E /* Leviathan */ = {
			isa = PBXNativeTarget;
			buildConfigurationList = 9490D80018104D59006ECA5E /* Build configuration list for PBXNativeTarget "Leviathan" */;
			buildPhases = (
				9490D7CB18104D58006ECA5E /* Sources */,
				9490D7CC18104D58006ECA5E /* Frameworks */,
				9490D7CD18104D58006ECA5E /* Resources */,
			);
			buildRules = (
			);
			dependencies = (
			);
			name = Leviathan;
			productName = Leviathan;
			productReference = 9490D7CF18104D58006ECA5E /* Leviathan.app */;
			productType = "com.apple.product-type.application";
		};
		9490D7EF18104D59006ECA5E /* LeviathanTests */ = {
			isa = PBXNativeTarget;
			buildConfigurationList = 9490D80318104D59006ECA5E /* Build configuration list for PBXNativeTarget "LeviathanTests" */;
			buildPhases = (
				9490D7EC18104D59006ECA5E /* Sources */,
				9490D7ED18104D59006ECA5E /* Frameworks */,
				9490D7EE18104D59006ECA5E /* Resources */,
			);
			buildRules = (
			);
			dependencies = (
				9490D7F518104D59006ECA5E /* PBXTargetDependency */,
			);
			name = LeviathanTests;
			productName = LeviathanTests;
			productReference = 9490D7F018104D59006ECA5E /* LeviathanTests.xctest */;
			productType = "com.apple.product-type.bundle.unit-test";
		};
/* End PBXNativeTarget section */

/* Begin PBXProject section */
		9490D7C718104D58006ECA5E /* Project object */ = {
			isa = PBXProject;
			attributes = {
				CLASSPREFIX = LV;
				LastUpgradeCheck = 0500;
				ORGANIZATIONNAME = "Steven Degutis";
				TargetAttributes = {
					9490D7EF18104D59006ECA5E = {
						TestTargetID = 9490D7CE18104D58006ECA5E;
					};
				};
			};
			buildConfigurationList = 9490D7CA18104D58006ECA5E /* Build configuration list for PBXProject "Leviathan" */;
			compatibilityVersion = "Xcode 3.2";
			developmentRegion = English;
			hasScannedForEncodings = 0;
			knownRegions = (
				en,
				Base,
			);
			mainGroup = 9490D7C618104D58006ECA5E;
			productRefGroup = 9490D7D018104D58006ECA5E /* Products */;
			projectDirPath = "";
			projectRoot = "";
			targets = (
				9490D7CE18104D58006ECA5E /* Leviathan */,
				9490D7EF18104D59006ECA5E /* LeviathanTests */,
			);
		};
/* End PBXProject section */

/* Begin PBXResourcesBuildPhase section */
		9490D7CD18104D58006ECA5E /* Resources */ = {
			isa = PBXResourcesBuildPhase;
			buildActionMask = 2147483647;
			files = (
				9490D7DD18104D58006ECA5E /* InfoPlist.strings in Resources */,
				9490D7EB18104D58006ECA5E /* Images.xcassets in Resources */,
				9490D7E318104D58006ECA5E /* Credits.rtf in Resources */,
				9490D82318105B2D006ECA5E /* Editor.xib in Resources */,
				94855A13181109A700220186 /* PreferencesWindow.xib in Resources */,
				94855A0D1811048E00220186 /* default_leviathan_theme.clj in Resources */,
				9490D83F18107FD6006ECA5E /* SDFuzzyMatcherWindow.xib in Resources */,
				9490D81E181054EE006ECA5E /* Tab.xib in Resources */,
				9490D80A18104DE1006ECA5E /* ProjectWindow.xib in Resources */,
				9490D7E918104D58006ECA5E /* MainMenu.xib in Resources */,
			);
			runOnlyForDeploymentPostprocessing = 0;
		};
		9490D7EE18104D59006ECA5E /* Resources */ = {
			isa = PBXResourcesBuildPhase;
			buildActionMask = 2147483647;
			files = (
				9490D7FB18104D59006ECA5E /* InfoPlist.strings in Resources */,
				94855A0E1811049B00220186 /* default_leviathan_theme.clj in Resources */,
			);
			runOnlyForDeploymentPostprocessing = 0;
		};
/* End PBXResourcesBuildPhase section */

/* Begin PBXSourcesBuildPhase section */
		9490D7CB18104D58006ECA5E /* Sources */ = {
			isa = PBXSourcesBuildPhase;
			buildActionMask = 2147483647;
			files = (
				9490D81018105023006ECA5E /* LVTabView.m in Sources */,
				9490D82D1810781D006ECA5E /* LVTextView.m in Sources */,
				9490D83E18107FD6006ECA5E /* SDFuzzyMatcher.m in Sources */,
				94D794341811226D003307F4 /* LVThemeManager.m in Sources */,
				9490D7E618104D58006ECA5E /* LVAppDelegate.m in Sources */,
				9490D819181053F2006ECA5E /* LVFile.m in Sources */,
				94855A0B1810DAE100220186 /* LVParserError.m in Sources */,
				94D79471181125F1003307F4 /* BMOLazyEnumerator.m in Sources */,
				94D79473181125F1003307F4 /* NSDate+BMOEDN.m in Sources */,
				9490D84218107FD6006ECA5E /* SDChoice.m in Sources */,
				949EC52218138102001C9CAB /* parser.mm in Sources */,
				949EC52818139226001C9CAB /* LVTestBed.mm in Sources */,
				949EC5251813811E001C9CAB /* lexer.mm in Sources */,
				94D79477181125F1003307F4 /* NSUUID+BMOEDN.m in Sources */,
				94D79465181125F1003307F4 /* BMOEDNError.m in Sources */,
				94ABB132181463C4003415B5 /* coll.mm in Sources */,
				9493D97018108BC80080E3C0 /* LVToken.m in Sources */,
				94855A12181109A700220186 /* LVPreferencesWindowController.m in Sources */,
				94D79468181125F1003307F4 /* BMOEDNReader.m in Sources */,
				94D79464181125F1003307F4 /* BMOEDNCoder.m in Sources */,
				94D7946B181125F1003307F4 /* BMOEDNRoot.m in Sources */,
				94D7947A18112CC0003307F4 /* LVHighlighter.m in Sources */,
				9490D80918104DE1006ECA5E /* LVProjectWindowController.m in Sources */,
				94D7946E181125F1003307F4 /* BMOEDNTaggedElement.m in Sources */,
				94D79469181125F1003307F4 /* BMOEDNReaderState.m in Sources */,
				9490D813181050AA006ECA5E /* LVTabBar.m in Sources */,
				94D79476181125F1003307F4 /* NSString+BMOEDN.m in Sources */,
				9490D7DF18104D58006ECA5E /* main.m in Sources */,
				9493D96F18108BC80080E3C0 /* LVParser.m in Sources */,
				94EB3DCA18161106002E639F /* token.mm in Sources */,
				94ABB12F181463B6003415B5 /* atom.mm in Sources */,
				94D79472181125F1003307F4 /* NSData+BMOEDN.m in Sources */,
				94D79475181125F1003307F4 /* NSObject+BMOEDN.m in Sources */,
				9490D84018107FD6006ECA5E /* SDFuzzyMatcherWindowController.m in Sources */,
				94855A1718110E2200220186 /* LVPreferences.m in Sources */,
				94D7946F181125F1003307F4 /* BMOEDNWriter.m in Sources */,
				94D79474181125F1003307F4 /* NSInputStream+BMOEDN.m in Sources */,
				94D7946C181125F1003307F4 /* BMOEDNSerialization.m in Sources */,
				9490D84318107FD6006ECA5E /* NSString+Score.m in Sources */,
				9490D80D18104E81006ECA5E /* LVProject.m in Sources */,
				94D7946D181125F1003307F4 /* BMOEDNSymbol.m in Sources */,
				94D79463181125F1003307F4 /* BMOEDNCharacter.m in Sources */,
				94D79467181125F1003307F4 /* BMOEDNList.m in Sources */,
				94D7946A181125F1003307F4 /* BMOEDNRegistry.m in Sources */,
				9490D84118107FD6006ECA5E /* SDChoiceTableView.m in Sources */,
				9490D82218105B2D006ECA5E /* LVEditor.m in Sources */,
				94D79466181125F1003307F4 /* BMOEDNKeyword.m in Sources */,
				94EF5CF81811E744004836A0 /* LVTheme.m in Sources */,
				9493D97118108BC80080E3C0 /* LVColl.m in Sources */,
				94D79470181125F1003307F4 /* BMOEDNWriterState.m in Sources */,
				9490D81D181054EE006ECA5E /* LVTab.m in Sources */,
				9493D97218108BC80080E3C0 /* LVAtom.m in Sources */,
			);
			runOnlyForDeploymentPostprocessing = 0;
		};
		9490D7EC18104D59006ECA5E /* Sources */ = {
			isa = PBXSourcesBuildPhase;
			buildActionMask = 2147483647;
			files = (
				9490D7FD18104D59006ECA5E /* LeviathanTests.m in Sources */,
				94855A081810D92500220186 /* SDExpectation.m in Sources */,
			);
			runOnlyForDeploymentPostprocessing = 0;
		};
/* End PBXSourcesBuildPhase section */

/* Begin PBXTargetDependency section */
		9490D7F518104D59006ECA5E /* PBXTargetDependency */ = {
			isa = PBXTargetDependency;
			target = 9490D7CE18104D58006ECA5E /* Leviathan */;
			targetProxy = 9490D7F418104D59006ECA5E /* PBXContainerItemProxy */;
		};
/* End PBXTargetDependency section */

/* Begin PBXVariantGroup section */
		9490D7DB18104D58006ECA5E /* InfoPlist.strings */ = {
			isa = PBXVariantGroup;
			children = (
				9490D7DC18104D58006ECA5E /* en */,
			);
			name = InfoPlist.strings;
			sourceTree = "<group>";
		};
		9490D7E118104D58006ECA5E /* Credits.rtf */ = {
			isa = PBXVariantGroup;
			children = (
				9490D7E218104D58006ECA5E /* en */,
			);
			name = Credits.rtf;
			sourceTree = "<group>";
		};
		9490D7E718104D58006ECA5E /* MainMenu.xib */ = {
			isa = PBXVariantGroup;
			children = (
				9490D7E818104D58006ECA5E /* Base */,
			);
			name = MainMenu.xib;
			sourceTree = "<group>";
		};
		9490D7F918104D59006ECA5E /* InfoPlist.strings */ = {
			isa = PBXVariantGroup;
			children = (
				9490D7FA18104D59006ECA5E /* en */,
			);
			name = InfoPlist.strings;
			sourceTree = "<group>";
		};
/* End PBXVariantGroup section */

/* Begin XCBuildConfiguration section */
		9490D7FE18104D59006ECA5E /* Debug */ = {
			isa = XCBuildConfiguration;
			buildSettings = {
				ALWAYS_SEARCH_USER_PATHS = NO;
				CLANG_CXX_LANGUAGE_STANDARD = "gnu++0x";
				CLANG_CXX_LIBRARY = "libc++";
				CLANG_ENABLE_OBJC_ARC = YES;
				CLANG_WARN_BOOL_CONVERSION = YES;
				CLANG_WARN_CONSTANT_CONVERSION = YES;
				CLANG_WARN_DIRECT_OBJC_ISA_USAGE = YES_ERROR;
				CLANG_WARN_EMPTY_BODY = YES;
				CLANG_WARN_ENUM_CONVERSION = YES;
				CLANG_WARN_INT_CONVERSION = YES;
				CLANG_WARN_OBJC_ROOT_CLASS = YES_ERROR;
				CLANG_WARN__DUPLICATE_METHOD_MATCH = YES;
				COPY_PHASE_STRIP = NO;
				GCC_C_LANGUAGE_STANDARD = gnu99;
				GCC_DYNAMIC_NO_PIC = NO;
				GCC_ENABLE_OBJC_EXCEPTIONS = YES;
				GCC_OPTIMIZATION_LEVEL = 0;
				GCC_PREPROCESSOR_DEFINITIONS = (
					"DEBUG=1",
					"$(inherited)",
				);
				GCC_SYMBOLS_PRIVATE_EXTERN = NO;
				GCC_WARN_64_TO_32_BIT_CONVERSION = YES;
				GCC_WARN_ABOUT_RETURN_TYPE = YES_ERROR;
				GCC_WARN_UNDECLARED_SELECTOR = YES;
				GCC_WARN_UNINITIALIZED_AUTOS = YES;
				GCC_WARN_UNUSED_FUNCTION = YES;
				GCC_WARN_UNUSED_VARIABLE = YES;
				MACOSX_DEPLOYMENT_TARGET = 10.8;
				ONLY_ACTIVE_ARCH = YES;
				SDKROOT = macosx;
			};
			name = Debug;
		};
		9490D7FF18104D59006ECA5E /* Release */ = {
			isa = XCBuildConfiguration;
			buildSettings = {
				ALWAYS_SEARCH_USER_PATHS = NO;
				CLANG_CXX_LANGUAGE_STANDARD = "gnu++0x";
				CLANG_CXX_LIBRARY = "libc++";
				CLANG_ENABLE_OBJC_ARC = YES;
				CLANG_WARN_BOOL_CONVERSION = YES;
				CLANG_WARN_CONSTANT_CONVERSION = YES;
				CLANG_WARN_DIRECT_OBJC_ISA_USAGE = YES_ERROR;
				CLANG_WARN_EMPTY_BODY = YES;
				CLANG_WARN_ENUM_CONVERSION = YES;
				CLANG_WARN_INT_CONVERSION = YES;
				CLANG_WARN_OBJC_ROOT_CLASS = YES_ERROR;
				CLANG_WARN__DUPLICATE_METHOD_MATCH = YES;
				COPY_PHASE_STRIP = YES;
				DEBUG_INFORMATION_FORMAT = "dwarf-with-dsym";
				ENABLE_NS_ASSERTIONS = NO;
				GCC_C_LANGUAGE_STANDARD = gnu99;
				GCC_ENABLE_OBJC_EXCEPTIONS = YES;
				GCC_WARN_64_TO_32_BIT_CONVERSION = YES;
				GCC_WARN_ABOUT_RETURN_TYPE = YES_ERROR;
				GCC_WARN_UNDECLARED_SELECTOR = YES;
				GCC_WARN_UNINITIALIZED_AUTOS = YES;
				GCC_WARN_UNUSED_FUNCTION = YES;
				GCC_WARN_UNUSED_VARIABLE = YES;
				MACOSX_DEPLOYMENT_TARGET = 10.8;
				SDKROOT = macosx;
			};
			name = Release;
		};
		9490D80118104D59006ECA5E /* Debug */ = {
			isa = XCBuildConfiguration;
			buildSettings = {
				ASSETCATALOG_COMPILER_APPICON_NAME = AppIcon;
				COMBINE_HIDPI_IMAGES = YES;
				GCC_PRECOMPILE_PREFIX_HEADER = YES;
				GCC_PREFIX_HEADER = "Leviathan/Leviathan-Prefix.pch";
				INFOPLIST_FILE = "Leviathan/Leviathan-Info.plist";
				PRODUCT_NAME = "$(TARGET_NAME)";
				WRAPPER_EXTENSION = app;
			};
			name = Debug;
		};
		9490D80218104D59006ECA5E /* Release */ = {
			isa = XCBuildConfiguration;
			buildSettings = {
				ASSETCATALOG_COMPILER_APPICON_NAME = AppIcon;
				COMBINE_HIDPI_IMAGES = YES;
				GCC_PRECOMPILE_PREFIX_HEADER = YES;
				GCC_PREFIX_HEADER = "Leviathan/Leviathan-Prefix.pch";
				INFOPLIST_FILE = "Leviathan/Leviathan-Info.plist";
				PRODUCT_NAME = "$(TARGET_NAME)";
				WRAPPER_EXTENSION = app;
			};
			name = Release;
		};
		9490D80418104D59006ECA5E /* Debug */ = {
			isa = XCBuildConfiguration;
			buildSettings = {
				BUNDLE_LOADER = "$(BUILT_PRODUCTS_DIR)/Leviathan.app/Contents/MacOS/Leviathan";
				CLANG_ENABLE_MODULES = YES;
				COMBINE_HIDPI_IMAGES = YES;
				FRAMEWORK_SEARCH_PATHS = (
					"$(DEVELOPER_FRAMEWORKS_DIR)",
					"$(inherited)",
				);
				GCC_PRECOMPILE_PREFIX_HEADER = YES;
				GCC_PREFIX_HEADER = "Leviathan/Leviathan-Prefix.pch";
				GCC_PREPROCESSOR_DEFINITIONS = (
					"DEBUG=1",
					"$(inherited)",
				);
				INFOPLIST_FILE = "LeviathanTests/LeviathanTests-Info.plist";
				PRODUCT_NAME = "$(TARGET_NAME)";
				TEST_HOST = "$(BUNDLE_LOADER)";
				WRAPPER_EXTENSION = xctest;
			};
			name = Debug;
		};
		9490D80518104D59006ECA5E /* Release */ = {
			isa = XCBuildConfiguration;
			buildSettings = {
				BUNDLE_LOADER = "$(BUILT_PRODUCTS_DIR)/Leviathan.app/Contents/MacOS/Leviathan";
				CLANG_ENABLE_MODULES = YES;
				COMBINE_HIDPI_IMAGES = YES;
				FRAMEWORK_SEARCH_PATHS = (
					"$(DEVELOPER_FRAMEWORKS_DIR)",
					"$(inherited)",
				);
				GCC_PRECOMPILE_PREFIX_HEADER = YES;
				GCC_PREFIX_HEADER = "Leviathan/Leviathan-Prefix.pch";
				INFOPLIST_FILE = "LeviathanTests/LeviathanTests-Info.plist";
				PRODUCT_NAME = "$(TARGET_NAME)";
				TEST_HOST = "$(BUNDLE_LOADER)";
				WRAPPER_EXTENSION = xctest;
			};
			name = Release;
		};
/* End XCBuildConfiguration section */

/* Begin XCConfigurationList section */
		9490D7CA18104D58006ECA5E /* Build configuration list for PBXProject "Leviathan" */ = {
			isa = XCConfigurationList;
			buildConfigurations = (
				9490D7FE18104D59006ECA5E /* Debug */,
				9490D7FF18104D59006ECA5E /* Release */,
			);
			defaultConfigurationIsVisible = 0;
			defaultConfigurationName = Release;
		};
		9490D80018104D59006ECA5E /* Build configuration list for PBXNativeTarget "Leviathan" */ = {
			isa = XCConfigurationList;
			buildConfigurations = (
				9490D80118104D59006ECA5E /* Debug */,
				9490D80218104D59006ECA5E /* Release */,
			);
			defaultConfigurationIsVisible = 0;
			defaultConfigurationName = Release;
		};
		9490D80318104D59006ECA5E /* Build configuration list for PBXNativeTarget "LeviathanTests" */ = {
			isa = XCConfigurationList;
			buildConfigurations = (
				9490D80418104D59006ECA5E /* Debug */,
				9490D80518104D59006ECA5E /* Release */,
			);
			defaultConfigurationIsVisible = 0;
			defaultConfigurationName = Release;
		};
/* End XCConfigurationList section */
	};
	rootObject = 9490D7C718104D58006ECA5E /* Project object */;
}
